
Microsoft Visual Studio Solution File, Format Version 12.00
# Visual Studio 14
VisualStudioVersion = 14.0.25420.1
MinimumVisualStudioVersion = 10.0.40219.1
Project("{FAE04EC0-301F-11D3-BF4B-00C04F79EFBC}") = "Finance-Beta", "Finance-Beta\Finance-Beta.csproj", "{58FA2419-2CE3-4A51-BD7C-39BA6466F9B1}"
EndProject
Global
	GlobalSection(SolutionConfigurationPlatforms) = preSolution
		Debug|Any CPU = Debug|Any CPU
		Release|Any CPU = Release|Any CPU
	EndGlobalSection
	GlobalSection(ProjectConfigurationPlatforms) = postSolution
		{58FA2419-2CE3-4A51-BD7C-39BA6466F9B1}.Debug|Any CPU.ActiveCfg = Debug|Any CPU
		{58FA2419-2CE3-4A51-BD7C-39BA6466F9B1}.Debug|Any CPU.Build.0 = Debug|Any CPU
		{58FA2419-2CE3-4A51-BD7C-39BA6466F9B1}.Release|Any CPU.ActiveCfg = Release|Any CPU
		{58FA2419-2CE3-4A51-BD7C-39BA6466F9B1}.Release|Any CPU.Build.0 = Release|Any CPU
	EndGlobalSection
	GlobalSection(SolutionProperties) = preSolution
		HideSolutionNode = FALSE
	EndGlobalSection
EndGlobal
